
Microsoft Visual Studio Solution File, Format Version 12.00
Project("{FAE04EC0-301F-11D3-BF4B-00C04F79EFBC}") = "StellarisPatcher", "StellarisPatcher\StellarisPatcher.csproj", "{1CB98C7B-803C-46FB-BD0E-2602A975B756}"
EndProject
Global
	GlobalSection(SolutionConfigurationPlatforms) = preSolution
		Debug|Any CPU = Debug|Any CPU
		Release|Any CPU = Release|Any CPU
	EndGlobalSection
	GlobalSection(ProjectConfigurationPlatforms) = postSolution
		{1CB98C7B-803C-46FB-BD0E-2602A975B756}.Debug|Any CPU.ActiveCfg = Debug|Any CPU
		{1CB98C7B-803C-46FB-BD0E-2602A975B756}.Debug|Any CPU.Build.0 = Debug|Any CPU
		{1CB98C7B-803C-46FB-BD0E-2602A975B756}.Release|Any CPU.ActiveCfg = Release|Any CPU
		{1CB98C7B-803C-46FB-BD0E-2602A975B756}.Release|Any CPU.Build.0 = Release|Any CPU
	EndGlobalSection
EndGlobal
